
Microsoft Visual Studio Solution File, Format Version 12.00
# Visual Studio 15
VisualStudioVersion = 15.0.27703.2000
MinimumVisualStudioVersion = 10.0.40219.1
Project("{FAE04EC0-301F-11D3-BF4B-00C04F79EFBC}") = "Calculator", "Calculator\Calculator.csproj", "{A085FCD5-C2DA-48E7-9297-EAE010E4D5CC}"
EndProject
Global
	GlobalSection(SolutionConfigurationPlatforms) = preSolution
		Debug|Any CPU = Debug|Any CPU
		Release|Any CPU = Release|Any CPU
	EndGlobalSection
	GlobalSection(ProjectConfigurationPlatforms) = postSolution
		{A085FCD5-C2DA-48E7-9297-EAE010E4D5CC}.Debug|Any CPU.ActiveCfg = Debug|Any CPU
		{A085FCD5-C2DA-48E7-9297-EAE010E4D5CC}.Debug|Any CPU.Build.0 = Debug|Any CPU
		{A085FCD5-C2DA-48E7-9297-EAE010E4D5CC}.Release|Any CPU.ActiveCfg = Release|Any CPU
		{A085FCD5-C2DA-48E7-9297-EAE010E4D5CC}.Release|Any CPU.Build.0 = Release|Any CPU
	EndGlobalSection
	GlobalSection(SolutionProperties) = preSolution
		HideSolutionNode = FALSE
	EndGlobalSection
	GlobalSection(ExtensibilityGlobals) = postSolution
		SolutionGuid = {C25575D3-3A21-4751-AE39-DFDBF452B382}
	EndGlobalSection
EndGlobal
